{
    "name": "@mitcheh/cool-text",
    "version": "0.2.0",
    "lockfileVersion": 1,
    "requires": true,
    "dependencies": {
        "@coopdigital/foundations-colors": {
            "version": "2.6.1",
            "resolved": "https://registry.npmjs.org/@coopdigital/foundations-colors/-/foundations-colors-2.6.1.tgz",
            "integrity": "sha512-qdRP0UYG0ppAMqxbicW4Ifp6T5WQr5ReLQ5LLt9Z3LTMOBCv0w3Lz4knCDoS7JdIKrYY8ma2KlO86ZC6oUSwTQ=="
        },
        "@coopdigital/foundations-vars": {
            "version": "3.7.1",
            "resolved": "https://registry.npmjs.org/@coopdigital/foundations-vars/-/foundations-vars-3.7.1.tgz",
            "integrity": "sha512-qD15bUZRYr0XEI2JlFoAk8knbAxWUkQOG0vbtNTklUzRWD22rT6kOKzO5ZpOwYims2LXK6k5wNpalaylL7wujA=="
        }
    }
}
