{
    "name": "@mitcheh/cool-text",
    "version": "0.1.1",
    "lockfileVersion": 1,
    "requires": true,
    "dependencies": {
        "@coopdigital/css-foundations": {
            "version": "6.3.1",
            "resolved": "https://registry.npmjs.org/@coopdigital/css-foundations/-/css-foundations-6.3.1.tgz",
            "integrity": "sha512-5aOrWJ8Za5U04ULqToByZorHko+1zTmdSsThIYEKYrzoU+iLmh1iJvtAhsA1Oe4ypezklYh6xWG+OR22Xs5tQg==",
            "requires": {
                "@coopdigital/foundations-buttons": "^2.4.1",
                "@coopdigital/foundations-colors": "^2.6.1",
                "@coopdigital/foundations-forms": "^5.1.1",
                "@coopdigital/foundations-global": "^3.3.1",
                "@coopdigital/foundations-grid": "^2.1.1",
                "@coopdigital/foundations-layout": "^3.3.1",
                "@coopdigital/foundations-tables": "^2.2.1",
                "@coopdigital/foundations-typography": "^4.2.1",
                "@coopdigital/foundations-vars": "^3.7.1",
                "normalize.css": "^8.0.1"
            }
        },
        "@coopdigital/foundations-buttons": {
            "version": "2.4.1",
            "resolved": "https://registry.npmjs.org/@coopdigital/foundations-buttons/-/foundations-buttons-2.4.1.tgz",
            "integrity": "sha512-EXVftIPzeZovonxPbANrgmlwHE+uiguxTF6EuKKOGSqcKl/ktaBUsPiUJmxFa3kJrFasZrm0h40kX4pH/a4g4g=="
        },
        "@coopdigital/foundations-colors": {
            "version": "2.6.1",
            "resolved": "https://registry.npmjs.org/@coopdigital/foundations-colors/-/foundations-colors-2.6.1.tgz",
            "integrity": "sha512-qdRP0UYG0ppAMqxbicW4Ifp6T5WQr5ReLQ5LLt9Z3LTMOBCv0w3Lz4knCDoS7JdIKrYY8ma2KlO86ZC6oUSwTQ=="
        },
        "@coopdigital/foundations-forms": {
            "version": "5.1.1",
            "resolved": "https://registry.npmjs.org/@coopdigital/foundations-forms/-/foundations-forms-5.1.1.tgz",
            "integrity": "sha512-gmt0wrPhMXEkzFB/q5pDsyHfW34IzbffLIGw94LTag+HqIw9h4GOZYugFFevI3XV4Q3/LvyVw0H34Bm1GewtZA=="
        },
        "@coopdigital/foundations-global": {
            "version": "3.3.1",
            "resolved": "https://registry.npmjs.org/@coopdigital/foundations-global/-/foundations-global-3.3.1.tgz",
            "integrity": "sha512-S1nd9a9myDUhfX+z7lYiUjZNKcwj91LBlKbYM3tVnTi3Enhz9Dei1huOmNbKktG6YtZJZ3955fEyCry7lRTvOQ=="
        },
        "@coopdigital/foundations-grid": {
            "version": "2.1.1",
            "resolved": "https://registry.npmjs.org/@coopdigital/foundations-grid/-/foundations-grid-2.1.1.tgz",
            "integrity": "sha512-l9okLb1A1CEwzep299zFuE4lrrSMOLMeV1MOl6it9rjGJAFHBedWp9kve+/+2iyQO4c7gEBRcupx0wu/8x/cbg=="
        },
        "@coopdigital/foundations-layout": {
            "version": "3.3.1",
            "resolved": "https://registry.npmjs.org/@coopdigital/foundations-layout/-/foundations-layout-3.3.1.tgz",
            "integrity": "sha512-D4k4zNMnJxTzf7d/l+nrbgL89GEjdf2BsD40dxuFG44t6vOUivq4VucNOqPPQV7+O8iC+x3X12CdG0sYylFMSw=="
        },
        "@coopdigital/foundations-tables": {
            "version": "2.2.1",
            "resolved": "https://registry.npmjs.org/@coopdigital/foundations-tables/-/foundations-tables-2.2.1.tgz",
            "integrity": "sha512-00Na89v7w23GQ4U/lFE8sQQNE0O9v174pNHRcHfrYLO6Q3oVwTfFqrMNXezghjV1pUwGLLsxTiyGq/s72kv1Tg=="
        },
        "@coopdigital/foundations-typography": {
            "version": "4.2.1",
            "resolved": "https://registry.npmjs.org/@coopdigital/foundations-typography/-/foundations-typography-4.2.1.tgz",
            "integrity": "sha512-yZkTKevLhC9ycXLwsGLm8ayTbeoTGhkjSrfDKDUtEjc7TxejCwvHKOnF4Z9n/0gTFCANpNsiGS2vw0opxpqdVQ=="
        },
        "@coopdigital/foundations-vars": {
            "version": "3.7.1",
            "resolved": "https://registry.npmjs.org/@coopdigital/foundations-vars/-/foundations-vars-3.7.1.tgz",
            "integrity": "sha512-qD15bUZRYr0XEI2JlFoAk8knbAxWUkQOG0vbtNTklUzRWD22rT6kOKzO5ZpOwYims2LXK6k5wNpalaylL7wujA=="
        },
        "normalize.css": {
            "version": "8.0.1",
            "resolved": "https://registry.npmjs.org/normalize.css/-/normalize.css-8.0.1.tgz",
            "integrity": "sha512-qizSNPO93t1YUuUhP22btGOo3chcvDFqFaj2TRybP0DMxkHOCTYwp3n34fel4a31ORXy4m1Xq0Gyqpb5m33qIg=="
        }
    }
}
